
Microsoft Visual Studio Solution File, Format Version 12.00
# Visual Studio Version 16
VisualStudioVersion = 16.0.31025.194
MinimumVisualStudioVersion = 10.0.40219.1
Project("{9A19103F-16F7-4668-BE54-9A1E7A4F7556}") = "WinFormsApp", "WinFormsApp\WinFormsApp.csproj", "{BE64B519-C30F-42CB-98B2-80E5BC6B2CF0}"
EndProject
Global
	GlobalSection(SolutionConfigurationPlatforms) = preSolution
		Debug|Any CPU = Debug|Any CPU
		Release|Any CPU = Release|Any CPU
	EndGlobalSection
	GlobalSection(ProjectConfigurationPlatforms) = postSolution
		{BE64B519-C30F-42CB-98B2-80E5BC6B2CF0}.Debug|Any CPU.ActiveCfg = Debug|Any CPU
		{BE64B519-C30F-42CB-98B2-80E5BC6B2CF0}.Debug|Any CPU.Build.0 = Debug|Any CPU
		{BE64B519-C30F-42CB-98B2-80E5BC6B2CF0}.Release|Any CPU.ActiveCfg = Release|Any CPU
		{BE64B519-C30F-42CB-98B2-80E5BC6B2CF0}.Release|Any CPU.Build.0 = Release|Any CPU
	EndGlobalSection
	GlobalSection(SolutionProperties) = preSolution
		HideSolutionNode = FALSE
	EndGlobalSection
	GlobalSection(ExtensibilityGlobals) = postSolution
		SolutionGuid = {128FA4DD-5C31-4196-9E4C-16A7BC3507CD}
	EndGlobalSection
EndGlobal
